# This file is automatically @generated by Cargo.
# It is not intended for manual editing.
version = 4

[[package]]
name = "aoclib"
version = "0.1.0"
source = "git+https://github.com/UncleScientist/aoclib-rs.git#33bc086bb5e224328d107c58185fbc607565a3d6"

[[package]]
name = "quest1"
version = "0.1.0"
dependencies = [
 "aoclib",
]
